// !$*UTF8*$!
{
	archiveVersion = 1;
	classes = {
	};
	objectVersion = 50;
	objects = {

/* Begin PBXBuildFile section */
		0003BD2D26BEC1FE00933199 /* ResponseDispatcher.swift in Sources */ = {isa = PBXBuildFile; fileRef = 0003BD2826BEC1FE00933199 /* ResponseDispatcher.swift */; };
		0003BD2E26BEC1FE00933199 /* EnumsNetworking.swift in Sources */ = {isa = PBXBuildFile; fileRef = 0003BD2926BEC1FE00933199 /* EnumsNetworking.swift */; };
		0003BD2F26BEC1FE00933199 /* RequestType.swift in Sources */ = {isa = PBXBuildFile; fileRef = 0003BD2A26BEC1FE00933199 /* RequestType.swift */; };
		0003BD3026BEC1FE00933199 /* ServiceLayer.swift in Sources */ = {isa = PBXBuildFile; fileRef = 0003BD2B26BEC1FE00933199 /* ServiceLayer.swift */; };
		0003BD3126BEC1FE00933199 /* ConnectionManager.swift in Sources */ = {isa = PBXBuildFile; fileRef = 0003BD2C26BEC1FE00933199 /* ConnectionManager.swift */; };
		0003BD3426BEC25E00933199 /* Reachability.swift in Sources */ = {isa = PBXBuildFile; fileRef = 0003BD3326BEC25E00933199 /* Reachability.swift */; };
		0003BD3626BEC5ED00933199 /* Popular.swift in Sources */ = {isa = PBXBuildFile; fileRef = 0003BD3526BEC5ED00933199 /* Popular.swift */; };
		0003BD3826BECA0800933199 /* MainProtocols.swift in Sources */ = {isa = PBXBuildFile; fileRef = 0003BD3726BECA0800933199 /* MainProtocols.swift */; };
		0003BD3A26BECAC700933199 /* MainRouter.swift in Sources */ = {isa = PBXBuildFile; fileRef = 0003BD3926BECAC700933199 /* MainRouter.swift */; };
		0003BD3C26BECB4400933199 /* MainPresenter.swift in Sources */ = {isa = PBXBuildFile; fileRef = 0003BD3B26BECB4400933199 /* MainPresenter.swift */; };
		0003BD3E26BECBA300933199 /* MainInteractor.swift in Sources */ = {isa = PBXBuildFile; fileRef = 0003BD3D26BECBA300933199 /* MainInteractor.swift */; };
		0003BD4026BECD5300933199 /* MovieDetailProtocols.swift in Sources */ = {isa = PBXBuildFile; fileRef = 0003BD3F26BECD5300933199 /* MovieDetailProtocols.swift */; };
		0003BD4226BECD9300933199 /* MovieDetailRouter.swift in Sources */ = {isa = PBXBuildFile; fileRef = 0003BD4126BECD9300933199 /* MovieDetailRouter.swift */; };
		0003BD4426BECDDD00933199 /* MovieDetailPresenter.swift in Sources */ = {isa = PBXBuildFile; fileRef = 0003BD4326BECDDD00933199 /* MovieDetailPresenter.swift */; };
		0003BD4626BECE1500933199 /* MovieDetailInteractor.swift in Sources */ = {isa = PBXBuildFile; fileRef = 0003BD4526BECE1500933199 /* MovieDetailInteractor.swift */; };
		0003BD4826BED4EA00933199 /* UIView.swift in Sources */ = {isa = PBXBuildFile; fileRef = 0003BD4726BED4EA00933199 /* UIView.swift */; };
		008DC7C726BF13D200B62E5A /* MovieDetail.swift in Sources */ = {isa = PBXBuildFile; fileRef = 008DC7C626BF13D200B62E5A /* MovieDetail.swift */; };
		008DC7C926BF1AFC00B62E5A /* String.swift in Sources */ = {isa = PBXBuildFile; fileRef = 008DC7C826BF1AFC00B62E5A /* String.swift */; };
		008DC7CB26BF297100B62E5A /* NowPlaying.swift in Sources */ = {isa = PBXBuildFile; fileRef = 008DC7CA26BF297100B62E5A /* NowPlaying.swift */; };
		008DC7CE26C01F8E00B62E5A /* Keys.swift in Sources */ = {isa = PBXBuildFile; fileRef = 008DC7CD26C01F8E00B62E5A /* Keys.swift */; };
		008DC7D126C0663B00B62E5A /* ImageLoader.swift in Sources */ = {isa = PBXBuildFile; fileRef = 008DC7D026C0663B00B62E5A /* ImageLoader.swift */; };
		008DC7D326C06AA000B62E5A /* UIImageLoader.swift in Sources */ = {isa = PBXBuildFile; fileRef = 008DC7D226C06AA000B62E5A /* UIImageLoader.swift */; };
		008DC7D526C06F7200B62E5A /* UIImageView.swift in Sources */ = {isa = PBXBuildFile; fileRef = 008DC7D426C06F7200B62E5A /* UIImageView.swift */; };
		008DC7F526C0BCCC00B62E5A /* MovieDetailPresenterTest.swift in Sources */ = {isa = PBXBuildFile; fileRef = 008DC7ED26C0BCCC00B62E5A /* MovieDetailPresenterTest.swift */; };
		008DC7F626C0BCCC00B62E5A /* MovieDetailViewMock.swift in Sources */ = {isa = PBXBuildFile; fileRef = 008DC7EF26C0BCCC00B62E5A /* MovieDetailViewMock.swift */; };
		008DC7F726C0BCCC00B62E5A /* MovieDetailRouterMock.swift in Sources */ = {isa = PBXBuildFile; fileRef = 008DC7F126C0BCCC00B62E5A /* MovieDetailRouterMock.swift */; };
		008DC7F826C0BCCC00B62E5A /* MovieDetailRouterTest.swift in Sources */ = {isa = PBXBuildFile; fileRef = 008DC7F226C0BCCC00B62E5A /* MovieDetailRouterTest.swift */; };
		008DC7F926C0BCCC00B62E5A /* MovieDetailInteractorMock.swift in Sources */ = {isa = PBXBuildFile; fileRef = 008DC7F426C0BCCC00B62E5A /* MovieDetailInteractorMock.swift */; };
		008DC80226C0C48200B62E5A /* MainViewMock.swift in Sources */ = {isa = PBXBuildFile; fileRef = 008DC80126C0C48200B62E5A /* MainViewMock.swift */; };
		008DC80526C0C49700B62E5A /* MainRouterMock.swift in Sources */ = {isa = PBXBuildFile; fileRef = 008DC80426C0C49700B62E5A /* MainRouterMock.swift */; };
		008DC80726C0C4A200B62E5A /* MainRouterTest.swift in Sources */ = {isa = PBXBuildFile; fileRef = 008DC80626C0C4A200B62E5A /* MainRouterTest.swift */; };
		008DC80926C0C4B100B62E5A /* MainPresenterTest.swift in Sources */ = {isa = PBXBuildFile; fileRef = 008DC80826C0C4B100B62E5A /* MainPresenterTest.swift */; };
		008DC80B26C0C4C000B62E5A /* MainInteractorMock.swift in Sources */ = {isa = PBXBuildFile; fileRef = 008DC80A26C0C4C000B62E5A /* MainInteractorMock.swift */; };
		00CA65E526BD8BDD005460F9 /* AppDelegate.swift in Sources */ = {isa = PBXBuildFile; fileRef = 00CA65E426BD8BDD005460F9 /* AppDelegate.swift */; };
		00CA65E726BD8BDD005460F9 /* SceneDelegate.swift in Sources */ = {isa = PBXBuildFile; fileRef = 00CA65E626BD8BDD005460F9 /* SceneDelegate.swift */; };
		00CA65E926BD8BDD005460F9 /* MainView.swift in Sources */ = {isa = PBXBuildFile; fileRef = 00CA65E826BD8BDD005460F9 /* MainView.swift */; };
		00CA65EE26BD8BE0005460F9 /* Assets.xcassets in Resources */ = {isa = PBXBuildFile; fileRef = 00CA65ED26BD8BE0005460F9 /* Assets.xcassets */; };
		00CA65F126BD8BE0005460F9 /* LaunchScreen.storyboard in Resources */ = {isa = PBXBuildFile; fileRef = 00CA65EF26BD8BE0005460F9 /* LaunchScreen.storyboard */; };
		00CA65FC26BD8BE0005460F9 /* MovieAPPTests.swift in Sources */ = {isa = PBXBuildFile; fileRef = 00CA65FB26BD8BE0005460F9 /* MovieAPPTests.swift */; };
		00CA660726BD8BE1005460F9 /* MovieAPPUITests.swift in Sources */ = {isa = PBXBuildFile; fileRef = 00CA660626BD8BE1005460F9 /* MovieAPPUITests.swift */; };
		00CA661F26BD8F4C005460F9 /* Endpoint.swift in Sources */ = {isa = PBXBuildFile; fileRef = 00CA661E26BD8F4C005460F9 /* Endpoint.swift */; };
		00CA662C26BDBB7D005460F9 /* MovieCell.xib in Resources */ = {isa = PBXBuildFile; fileRef = 00CA662B26BDBB7D005460F9 /* MovieCell.xib */; };
		00CA663626BDD137005460F9 /* CircularProgressBarView.swift in Sources */ = {isa = PBXBuildFile; fileRef = 00CA663526BDD137005460F9 /* CircularProgressBarView.swift */; };
		00CA663826BDE27C005460F9 /* MovieCell.swift in Sources */ = {isa = PBXBuildFile; fileRef = 00CA663726BDE27C005460F9 /* MovieCell.swift */; };
		00CA674826BE24E4005460F9 /* Colors.swift in Sources */ = {isa = PBXBuildFile; fileRef = 00CA674726BE24E4005460F9 /* Colors.swift */; };
		00CA674B26BE27CC005460F9 /* UIColor.swift in Sources */ = {isa = PBXBuildFile; fileRef = 00CA674A26BE27CC005460F9 /* UIColor.swift */; };
		00CA675D26BE55EA005460F9 /* MovieCollectionItem.swift in Sources */ = {isa = PBXBuildFile; fileRef = 00CA675B26BE55EA005460F9 /* MovieCollectionItem.swift */; };
		00CA675E26BE55EA005460F9 /* MovieCollectionItem.xib in Resources */ = {isa = PBXBuildFile; fileRef = 00CA675C26BE55EA005460F9 /* MovieCollectionItem.xib */; };
		00CA676126BE56A7005460F9 /* CollectionViewCell.swift in Sources */ = {isa = PBXBuildFile; fileRef = 00CA676026BE56A7005460F9 /* CollectionViewCell.swift */; };
		00CA676326BE63D3005460F9 /* MovieDetailView.swift in Sources */ = {isa = PBXBuildFile; fileRef = 00CA676226BE63D3005460F9 /* MovieDetailView.swift */; };
		00CA676626BE7639005460F9 /* TagCell.xib in Resources */ = {isa = PBXBuildFile; fileRef = 00CA676526BE7639005460F9 /* TagCell.xib */; };
		00CA676826BE7641005460F9 /* TagCell.swift in Sources */ = {isa = PBXBuildFile; fileRef = 00CA676726BE7641005460F9 /* TagCell.swift */; };
/* End PBXBuildFile section */

/* Begin PBXContainerItemProxy section */
		00CA65F826BD8BE0005460F9 /* PBXContainerItemProxy */ = {
			isa = PBXContainerItemProxy;
			containerPortal = 00CA65D926BD8BDD005460F9 /* Project object */;
			proxyType = 1;
			remoteGlobalIDString = 00CA65E026BD8BDD005460F9;
			remoteInfo = MovieAPP;
		};
		00CA660326BD8BE0005460F9 /* PBXContainerItemProxy */ = {
			isa = PBXContainerItemProxy;
			containerPortal = 00CA65D926BD8BDD005460F9 /* Project object */;
			proxyType = 1;
			remoteGlobalIDString = 00CA65E026BD8BDD005460F9;
			remoteInfo = MovieAPP;
		};
/* End PBXContainerItemProxy section */

/* Begin PBXFileReference section */
		0003BD2826BEC1FE00933199 /* ResponseDispatcher.swift */ = {isa = PBXFileReference; fileEncoding = 4; lastKnownFileType = sourcecode.swift; path = ResponseDispatcher.swift; sourceTree = "<group>"; };
		0003BD2926BEC1FE00933199 /* EnumsNetworking.swift */ = {isa = PBXFileReference; fileEncoding = 4; lastKnownFileType = sourcecode.swift; path = EnumsNetworking.swift; sourceTree = "<group>"; };
		0003BD2A26BEC1FE00933199 /* RequestType.swift */ = {isa = PBXFileReference; fileEncoding = 4; lastKnownFileType = sourcecode.swift; path = RequestType.swift; sourceTree = "<group>"; };
		0003BD2B26BEC1FE00933199 /* ServiceLayer.swift */ = {isa = PBXFileReference; fileEncoding = 4; lastKnownFileType = sourcecode.swift; path = ServiceLayer.swift; sourceTree = "<group>"; };
		0003BD2C26BEC1FE00933199 /* ConnectionManager.swift */ = {isa = PBXFileReference; fileEncoding = 4; lastKnownFileType = sourcecode.swift; path = ConnectionManager.swift; sourceTree = "<group>"; };
		0003BD3326BEC25E00933199 /* Reachability.swift */ = {isa = PBXFileReference; lastKnownFileType = sourcecode.swift; path = Reachability.swift; sourceTree = "<group>"; };
		0003BD3526BEC5ED00933199 /* Popular.swift */ = {isa = PBXFileReference; lastKnownFileType = sourcecode.swift; path = Popular.swift; sourceTree = "<group>"; };
		0003BD3726BECA0800933199 /* MainProtocols.swift */ = {isa = PBXFileReference; lastKnownFileType = sourcecode.swift; path = MainProtocols.swift; sourceTree = "<group>"; };
		0003BD3926BECAC700933199 /* MainRouter.swift */ = {isa = PBXFileReference; lastKnownFileType = sourcecode.swift; path = MainRouter.swift; sourceTree = "<group>"; };
		0003BD3B26BECB4400933199 /* MainPresenter.swift */ = {isa = PBXFileReference; lastKnownFileType = sourcecode.swift; path = MainPresenter.swift; sourceTree = "<group>"; };
		0003BD3D26BECBA300933199 /* MainInteractor.swift */ = {isa = PBXFileReference; lastKnownFileType = sourcecode.swift; path = MainInteractor.swift; sourceTree = "<group>"; };
		0003BD3F26BECD5300933199 /* MovieDetailProtocols.swift */ = {isa = PBXFileReference; lastKnownFileType = sourcecode.swift; path = MovieDetailProtocols.swift; sourceTree = "<group>"; };
		0003BD4126BECD9300933199 /* MovieDetailRouter.swift */ = {isa = PBXFileReference; lastKnownFileType = sourcecode.swift; path = MovieDetailRouter.swift; sourceTree = "<group>"; };
		0003BD4326BECDDD00933199 /* MovieDetailPresenter.swift */ = {isa = PBXFileReference; lastKnownFileType = sourcecode.swift; path = MovieDetailPresenter.swift; sourceTree = "<group>"; };
		0003BD4526BECE1500933199 /* MovieDetailInteractor.swift */ = {isa = PBXFileReference; lastKnownFileType = sourcecode.swift; path = MovieDetailInteractor.swift; sourceTree = "<group>"; };
		0003BD4726BED4EA00933199 /* UIView.swift */ = {isa = PBXFileReference; lastKnownFileType = sourcecode.swift; path = UIView.swift; sourceTree = "<group>"; };
		008DC7C626BF13D200B62E5A /* MovieDetail.swift */ = {isa = PBXFileReference; lastKnownFileType = sourcecode.swift; path = MovieDetail.swift; sourceTree = "<group>"; };
		008DC7C826BF1AFC00B62E5A /* String.swift */ = {isa = PBXFileReference; lastKnownFileType = sourcecode.swift; path = String.swift; sourceTree = "<group>"; };
		008DC7CA26BF297100B62E5A /* NowPlaying.swift */ = {isa = PBXFileReference; lastKnownFileType = sourcecode.swift; path = NowPlaying.swift; sourceTree = "<group>"; };
		008DC7CD26C01F8E00B62E5A /* Keys.swift */ = {isa = PBXFileReference; lastKnownFileType = sourcecode.swift; path = Keys.swift; sourceTree = "<group>"; };
		008DC7D026C0663B00B62E5A /* ImageLoader.swift */ = {isa = PBXFileReference; lastKnownFileType = sourcecode.swift; path = ImageLoader.swift; sourceTree = "<group>"; };
		008DC7D226C06AA000B62E5A /* UIImageLoader.swift */ = {isa = PBXFileReference; lastKnownFileType = sourcecode.swift; path = UIImageLoader.swift; sourceTree = "<group>"; };
		008DC7D426C06F7200B62E5A /* UIImageView.swift */ = {isa = PBXFileReference; lastKnownFileType = sourcecode.swift; path = UIImageView.swift; sourceTree = "<group>"; };
		008DC7ED26C0BCCC00B62E5A /* MovieDetailPresenterTest.swift */ = {isa = PBXFileReference; fileEncoding = 4; lastKnownFileType = sourcecode.swift; path = MovieDetailPresenterTest.swift; sourceTree = "<group>"; };
		008DC7EF26C0BCCC00B62E5A /* MovieDetailViewMock.swift */ = {isa = PBXFileReference; fileEncoding = 4; lastKnownFileType = sourcecode.swift; path = MovieDetailViewMock.swift; sourceTree = "<group>"; };
		008DC7F126C0BCCC00B62E5A /* MovieDetailRouterMock.swift */ = {isa = PBXFileReference; fileEncoding = 4; lastKnownFileType = sourcecode.swift; path = MovieDetailRouterMock.swift; sourceTree = "<group>"; };
		008DC7F226C0BCCC00B62E5A /* MovieDetailRouterTest.swift */ = {isa = PBXFileReference; fileEncoding = 4; lastKnownFileType = sourcecode.swift; path = MovieDetailRouterTest.swift; sourceTree = "<group>"; };
		008DC7F426C0BCCC00B62E5A /* MovieDetailInteractorMock.swift */ = {isa = PBXFileReference; fileEncoding = 4; lastKnownFileType = sourcecode.swift; path = MovieDetailInteractorMock.swift; sourceTree = "<group>"; };
		008DC80126C0C48200B62E5A /* MainViewMock.swift */ = {isa = PBXFileReference; lastKnownFileType = sourcecode.swift; path = MainViewMock.swift; sourceTree = "<group>"; };
		008DC80426C0C49700B62E5A /* MainRouterMock.swift */ = {isa = PBXFileReference; lastKnownFileType = sourcecode.swift; path = MainRouterMock.swift; sourceTree = "<group>"; };
		008DC80626C0C4A200B62E5A /* MainRouterTest.swift */ = {isa = PBXFileReference; lastKnownFileType = sourcecode.swift; path = MainRouterTest.swift; sourceTree = "<group>"; };
		008DC80826C0C4B100B62E5A /* MainPresenterTest.swift */ = {isa = PBXFileReference; lastKnownFileType = sourcecode.swift; path = MainPresenterTest.swift; sourceTree = "<group>"; };
		008DC80A26C0C4C000B62E5A /* MainInteractorMock.swift */ = {isa = PBXFileReference; lastKnownFileType = sourcecode.swift; path = MainInteractorMock.swift; sourceTree = "<group>"; };
		00CA65E126BD8BDD005460F9 /* MovieBOX.app */ = {isa = PBXFileReference; explicitFileType = wrapper.application; includeInIndex = 0; path = MovieBOX.app; sourceTree = BUILT_PRODUCTS_DIR; };
		00CA65E426BD8BDD005460F9 /* AppDelegate.swift */ = {isa = PBXFileReference; lastKnownFileType = sourcecode.swift; path = AppDelegate.swift; sourceTree = "<group>"; };
		00CA65E626BD8BDD005460F9 /* SceneDelegate.swift */ = {isa = PBXFileReference; lastKnownFileType = sourcecode.swift; path = SceneDelegate.swift; sourceTree = "<group>"; };
		00CA65E826BD8BDD005460F9 /* MainView.swift */ = {isa = PBXFileReference; lastKnownFileType = sourcecode.swift; path = MainView.swift; sourceTree = "<group>"; };
		00CA65ED26BD8BE0005460F9 /* Assets.xcassets */ = {isa = PBXFileReference; lastKnownFileType = folder.assetcatalog; path = Assets.xcassets; sourceTree = "<group>"; };
		00CA65F026BD8BE0005460F9 /* Base */ = {isa = PBXFileReference; lastKnownFileType = file.storyboard; name = Base; path = Base.lproj/LaunchScreen.storyboard; sourceTree = "<group>"; };
		00CA65F226BD8BE0005460F9 /* Info.plist */ = {isa = PBXFileReference; lastKnownFileType = text.plist.xml; path = Info.plist; sourceTree = "<group>"; };
		00CA65F726BD8BE0005460F9 /* MovieAPPTests.xctest */ = {isa = PBXFileReference; explicitFileType = wrapper.cfbundle; includeInIndex = 0; path = MovieAPPTests.xctest; sourceTree = BUILT_PRODUCTS_DIR; };
		00CA65FB26BD8BE0005460F9 /* MovieAPPTests.swift */ = {isa = PBXFileReference; lastKnownFileType = sourcecode.swift; path = MovieAPPTests.swift; sourceTree = "<group>"; };
		00CA65FD26BD8BE0005460F9 /* Info.plist */ = {isa = PBXFileReference; lastKnownFileType = text.plist.xml; path = Info.plist; sourceTree = "<group>"; };
		00CA660226BD8BE0005460F9 /* MovieAPPUITests.xctest */ = {isa = PBXFileReference; explicitFileType = wrapper.cfbundle; includeInIndex = 0; path = MovieAPPUITests.xctest; sourceTree = BUILT_PRODUCTS_DIR; };
		00CA660626BD8BE1005460F9 /* MovieAPPUITests.swift */ = {isa = PBXFileReference; lastKnownFileType = sourcecode.swift; path = MovieAPPUITests.swift; sourceTree = "<group>"; };
		00CA660826BD8BE1005460F9 /* Info.plist */ = {isa = PBXFileReference; lastKnownFileType = text.plist.xml; path = Info.plist; sourceTree = "<group>"; };
		00CA661E26BD8F4C005460F9 /* Endpoint.swift */ = {isa = PBXFileReference; lastKnownFileType = sourcecode.swift; path = Endpoint.swift; sourceTree = "<group>"; };
		00CA662B26BDBB7D005460F9 /* MovieCell.xib */ = {isa = PBXFileReference; lastKnownFileType = file.xib; path = MovieCell.xib; sourceTree = "<group>"; };
		00CA663526BDD137005460F9 /* CircularProgressBarView.swift */ = {isa = PBXFileReference; lastKnownFileType = sourcecode.swift; path = CircularProgressBarView.swift; sourceTree = "<group>"; };
		00CA663726BDE27C005460F9 /* MovieCell.swift */ = {isa = PBXFileReference; lastKnownFileType = sourcecode.swift; path = MovieCell.swift; sourceTree = "<group>"; };
		00CA674726BE24E4005460F9 /* Colors.swift */ = {isa = PBXFileReference; lastKnownFileType = sourcecode.swift; path = Colors.swift; sourceTree = "<group>"; };
		00CA674A26BE27CC005460F9 /* UIColor.swift */ = {isa = PBXFileReference; lastKnownFileType = sourcecode.swift; path = UIColor.swift; sourceTree = "<group>"; };
		00CA675B26BE55EA005460F9 /* MovieCollectionItem.swift */ = {isa = PBXFileReference; fileEncoding = 4; lastKnownFileType = sourcecode.swift; path = MovieCollectionItem.swift; sourceTree = "<group>"; };
		00CA675C26BE55EA005460F9 /* MovieCollectionItem.xib */ = {isa = PBXFileReference; fileEncoding = 4; lastKnownFileType = file.xib; path = MovieCollectionItem.xib; sourceTree = "<group>"; };
		00CA676026BE56A7005460F9 /* CollectionViewCell.swift */ = {isa = PBXFileReference; lastKnownFileType = sourcecode.swift; path = CollectionViewCell.swift; sourceTree = "<group>"; };
		00CA676226BE63D3005460F9 /* MovieDetailView.swift */ = {isa = PBXFileReference; lastKnownFileType = sourcecode.swift; path = MovieDetailView.swift; sourceTree = "<group>"; };
		00CA676526BE7639005460F9 /* TagCell.xib */ = {isa = PBXFileReference; lastKnownFileType = file.xib; path = TagCell.xib; sourceTree = "<group>"; };
		00CA676726BE7641005460F9 /* TagCell.swift */ = {isa = PBXFileReference; lastKnownFileType = sourcecode.swift; path = TagCell.swift; sourceTree = "<group>"; };
/* End PBXFileReference section */

/* Begin PBXFrameworksBuildPhase section */
		00CA65DE26BD8BDD005460F9 /* Frameworks */ = {
			isa = PBXFrameworksBuildPhase;
			buildActionMask = 2147483647;
			files = (
			);
			runOnlyForDeploymentPostprocessing = 0;
		};
		00CA65F426BD8BE0005460F9 /* Frameworks */ = {
			isa = PBXFrameworksBuildPhase;
			buildActionMask = 2147483647;
			files = (
			);
			runOnlyForDeploymentPostprocessing = 0;
		};
		00CA65FF26BD8BE0005460F9 /* Frameworks */ = {
			isa = PBXFrameworksBuildPhase;
			buildActionMask = 2147483647;
			files = (
			);
			runOnlyForDeploymentPostprocessing = 0;
		};
/* End PBXFrameworksBuildPhase section */

/* Begin PBXGroup section */
		0003BD3226BEC24A00933199 /* Commons */ = {
			isa = PBXGroup;
			children = (
				008DC80C26C0EC9D00B62E5A /* UIElements */,
				0003BD3326BEC25E00933199 /* Reachability.swift */,
			);
			path = Commons;
			sourceTree = "<group>";
		};
		008DC7CC26C01F8500B62E5A /* Keys */ = {
			isa = PBXGroup;
			children = (
				008DC7CD26C01F8E00B62E5A /* Keys.swift */,
			);
			path = Keys;
			sourceTree = "<group>";
		};
		008DC7CF26C065D600B62E5A /* ImageDownload */ = {
			isa = PBXGroup;
			children = (
				008DC7D026C0663B00B62E5A /* ImageLoader.swift */,
				008DC7D226C06AA000B62E5A /* UIImageLoader.swift */,
			);
			path = ImageDownload;
			sourceTree = "<group>";
		};
		008DC7EB26C0BC9E00B62E5A /* MovieDetail */ = {
			isa = PBXGroup;
			children = (
				008DC7F326C0BCCC00B62E5A /* Interactor */,
				008DC7EC26C0BCCC00B62E5A /* Presenter */,
				008DC7F026C0BCCC00B62E5A /* Router */,
				008DC7EE26C0BCCC00B62E5A /* View */,
			);
			path = MovieDetail;
			sourceTree = "<group>";
		};
		008DC7EC26C0BCCC00B62E5A /* Presenter */ = {
			isa = PBXGroup;
			children = (
				008DC7ED26C0BCCC00B62E5A /* MovieDetailPresenterTest.swift */,
			);
			path = Presenter;
			sourceTree = "<group>";
		};
		008DC7EE26C0BCCC00B62E5A /* View */ = {
			isa = PBXGroup;
			children = (
				008DC7EF26C0BCCC00B62E5A /* MovieDetailViewMock.swift */,
			);
			path = View;
			sourceTree = "<group>";
		};
		008DC7F026C0BCCC00B62E5A /* Router */ = {
			isa = PBXGroup;
			children = (
				008DC7F126C0BCCC00B62E5A /* MovieDetailRouterMock.swift */,
				008DC7F226C0BCCC00B62E5A /* MovieDetailRouterTest.swift */,
			);
			path = Router;
			sourceTree = "<group>";
		};
		008DC7F326C0BCCC00B62E5A /* Interactor */ = {
			isa = PBXGroup;
			children = (
				008DC7F426C0BCCC00B62E5A /* MovieDetailInteractorMock.swift */,
			);
			path = Interactor;
			sourceTree = "<group>";
		};
		008DC7FA26C0C43000B62E5A /* Main */ = {
			isa = PBXGroup;
			children = (
				008DC80026C0C46700B62E5A /* Interactor */,
				008DC7FF26C0C46100B62E5A /* Presenter */,
				008DC7FE26C0C45C00B62E5A /* Router */,
				008DC7FD26C0C45800B62E5A /* View */,
			);
			path = Main;
			sourceTree = "<group>";
		};
		008DC7FD26C0C45800B62E5A /* View */ = {
			isa = PBXGroup;
			children = (
				008DC80126C0C48200B62E5A /* MainViewMock.swift */,
			);
			path = View;
			sourceTree = "<group>";
		};
		008DC7FE26C0C45C00B62E5A /* Router */ = {
			isa = PBXGroup;
			children = (
				008DC80426C0C49700B62E5A /* MainRouterMock.swift */,
				008DC80626C0C4A200B62E5A /* MainRouterTest.swift */,
			);
			path = Router;
			sourceTree = "<group>";
		};
		008DC7FF26C0C46100B62E5A /* Presenter */ = {
			isa = PBXGroup;
			children = (
				008DC80826C0C4B100B62E5A /* MainPresenterTest.swift */,
			);
			path = Presenter;
			sourceTree = "<group>";
		};
		008DC80026C0C46700B62E5A /* Interactor */ = {
			isa = PBXGroup;
			children = (
				008DC80A26C0C4C000B62E5A /* MainInteractorMock.swift */,
			);
			path = Interactor;
			sourceTree = "<group>";
		};
		008DC80C26C0EC9D00B62E5A /* UIElements */ = {
			isa = PBXGroup;
			children = (
				00CA663426BDD11E005460F9 /* CircularProgressBar */,
			);
			path = UIElements;
			sourceTree = "<group>";
		};
		00CA65D826BD8BDD005460F9 = {
			isa = PBXGroup;
			children = (
				00CA65E326BD8BDD005460F9 /* MovieAPP */,
				00CA65FA26BD8BE0005460F9 /* MovieAPPTests */,
				00CA660526BD8BE1005460F9 /* MovieAPPUITests */,
				00CA65E226BD8BDD005460F9 /* Products */,
			);
			sourceTree = "<group>";
		};
		00CA65E226BD8BDD005460F9 /* Products */ = {
			isa = PBXGroup;
			children = (
				00CA65E126BD8BDD005460F9 /* MovieBOX.app */,
				00CA65F726BD8BE0005460F9 /* MovieAPPTests.xctest */,
				00CA660226BD8BE0005460F9 /* MovieAPPUITests.xctest */,
			);
			name = Products;
			sourceTree = "<group>";
		};
		00CA65E326BD8BDD005460F9 /* MovieAPP */ = {
			isa = PBXGroup;
			children = (
				0003BD3226BEC24A00933199 /* Commons */,
				00CA663326BDD113005460F9 /* Utils */,
				00CA661C26BD8EDC005460F9 /* Core */,
				00CA661526BD8E98005460F9 /* MovieDetail */,
				00CA661426BD8E90005460F9 /* Main */,
				00CA65E426BD8BDD005460F9 /* AppDelegate.swift */,
				00CA65E626BD8BDD005460F9 /* SceneDelegate.swift */,
				00CA65ED26BD8BE0005460F9 /* Assets.xcassets */,
				00CA65EF26BD8BE0005460F9 /* LaunchScreen.storyboard */,
				00CA65F226BD8BE0005460F9 /* Info.plist */,
			);
			path = MovieAPP;
			sourceTree = "<group>";
		};
		00CA65FA26BD8BE0005460F9 /* MovieAPPTests */ = {
			isa = PBXGroup;
			children = (
				008DC7FA26C0C43000B62E5A /* Main */,
				008DC7EB26C0BC9E00B62E5A /* MovieDetail */,
				00CA65FB26BD8BE0005460F9 /* MovieAPPTests.swift */,
				00CA65FD26BD8BE0005460F9 /* Info.plist */,
			);
			path = MovieAPPTests;
			sourceTree = "<group>";
		};
		00CA660526BD8BE1005460F9 /* MovieAPPUITests */ = {
			isa = PBXGroup;
			children = (
				00CA660626BD8BE1005460F9 /* MovieAPPUITests.swift */,
				00CA660826BD8BE1005460F9 /* Info.plist */,
			);
			path = MovieAPPUITests;
			sourceTree = "<group>";
		};
		00CA661426BD8E90005460F9 /* Main */ = {
			isa = PBXGroup;
			children = (
				00CA662726BD914C005460F9 /* Protocols */,
				00CA662526BD913F005460F9 /* Router */,
				00CA662426BD9138005460F9 /* Entity */,
				00CA662326BD9133005460F9 /* Presenter */,
				00CA662226BD912D005460F9 /* Interactor */,
				00CA662126BD9125005460F9 /* View */,
			);
			path = Main;
			sourceTree = "<group>";
		};
		00CA661526BD8E98005460F9 /* MovieDetail */ = {
			isa = PBXGroup;
			children = (
				00CA662626BD9146005460F9 /* Protocols */,
				00CA661B26BD8ECA005460F9 /* Router */,
				00CA661926BD8EBE005460F9 /* Presenter */,
				00CA661826BD8EAC005460F9 /* Interactor */,
				00CA661726BD8EA7005460F9 /* Entity */,
				00CA661626BD8E9D005460F9 /* View */,
			);
			path = MovieDetail;
			sourceTree = "<group>";
		};
		00CA661626BD8E9D005460F9 /* View */ = {
			isa = PBXGroup;
			children = (
				00CA676426BE7629005460F9 /* Cell */,
				00CA676226BE63D3005460F9 /* MovieDetailView.swift */,
			);
			path = View;
			sourceTree = "<group>";
		};
		00CA661726BD8EA7005460F9 /* Entity */ = {
			isa = PBXGroup;
			children = (
				008DC7C626BF13D200B62E5A /* MovieDetail.swift */,
			);
			path = Entity;
			sourceTree = "<group>";
		};
		00CA661826BD8EAC005460F9 /* Interactor */ = {
			isa = PBXGroup;
			children = (
				0003BD4526BECE1500933199 /* MovieDetailInteractor.swift */,
			);
			path = Interactor;
			sourceTree = "<group>";
		};
		00CA661926BD8EBE005460F9 /* Presenter */ = {
			isa = PBXGroup;
			children = (
				0003BD4326BECDDD00933199 /* MovieDetailPresenter.swift */,
			);
			path = Presenter;
			sourceTree = "<group>";
		};
		00CA661B26BD8ECA005460F9 /* Router */ = {
			isa = PBXGroup;
			children = (
				0003BD4126BECD9300933199 /* MovieDetailRouter.swift */,
			);
			path = Router;
			sourceTree = "<group>";
		};
		00CA661C26BD8EDC005460F9 /* Core */ = {
			isa = PBXGroup;
			children = (
				008DC7CC26C01F8500B62E5A /* Keys */,
				00CA661D26BD8F2D005460F9 /* Networking */,
			);
			path = Core;
			sourceTree = "<group>";
		};
		00CA661D26BD8F2D005460F9 /* Networking */ = {
			isa = PBXGroup;
			children = (
				008DC7CF26C065D600B62E5A /* ImageDownload */,
				00CA661E26BD8F4C005460F9 /* Endpoint.swift */,
				0003BD2C26BEC1FE00933199 /* ConnectionManager.swift */,
				0003BD2926BEC1FE00933199 /* EnumsNetworking.swift */,
				0003BD2A26BEC1FE00933199 /* RequestType.swift */,
				0003BD2826BEC1FE00933199 /* ResponseDispatcher.swift */,
				0003BD2B26BEC1FE00933199 /* ServiceLayer.swift */,
			);
			path = Networking;
			sourceTree = "<group>";
		};
		00CA662126BD9125005460F9 /* View */ = {
			isa = PBXGroup;
			children = (
				00CA65E826BD8BDD005460F9 /* MainView.swift */,
				00CA662A26BDBB6C005460F9 /* Cell */,
			);
			path = View;
			sourceTree = "<group>";
		};
		00CA662226BD912D005460F9 /* Interactor */ = {
			isa = PBXGroup;
			children = (
				0003BD3D26BECBA300933199 /* MainInteractor.swift */,
			);
			path = Interactor;
			sourceTree = "<group>";
		};
		00CA662326BD9133005460F9 /* Presenter */ = {
			isa = PBXGroup;
			children = (
				0003BD3B26BECB4400933199 /* MainPresenter.swift */,
			);
			path = Presenter;
			sourceTree = "<group>";
		};
		00CA662426BD9138005460F9 /* Entity */ = {
			isa = PBXGroup;
			children = (
				0003BD3526BEC5ED00933199 /* Popular.swift */,
				008DC7CA26BF297100B62E5A /* NowPlaying.swift */,
			);
			path = Entity;
			sourceTree = "<group>";
		};
		00CA662526BD913F005460F9 /* Router */ = {
			isa = PBXGroup;
			children = (
				0003BD3926BECAC700933199 /* MainRouter.swift */,
			);
			path = Router;
			sourceTree = "<group>";
		};
		00CA662626BD9146005460F9 /* Protocols */ = {
			isa = PBXGroup;
			children = (
				0003BD3F26BECD5300933199 /* MovieDetailProtocols.swift */,
			);
			path = Protocols;
			sourceTree = "<group>";
		};
		00CA662726BD914C005460F9 /* Protocols */ = {
			isa = PBXGroup;
			children = (
				0003BD3726BECA0800933199 /* MainProtocols.swift */,
			);
			path = Protocols;
			sourceTree = "<group>";
		};
		00CA662A26BDBB6C005460F9 /* Cell */ = {
			isa = PBXGroup;
			children = (
				00CA675A26BE5394005460F9 /* CollectionView */,
				00CA662F26BDBCB5005460F9 /* TableView */,
			);
			path = Cell;
			sourceTree = "<group>";
		};
		00CA662F26BDBCB5005460F9 /* TableView */ = {
			isa = PBXGroup;
			children = (
				00CA675F26BE5699005460F9 /* HorizontalCell */,
				00CA675626BE52F5005460F9 /* MovieCell */,
			);
			path = TableView;
			sourceTree = "<group>";
		};
		00CA663326BDD113005460F9 /* Utils */ = {
			isa = PBXGroup;
			children = (
				00CA674926BE27C2005460F9 /* Extension */,
				00CA674626BE24D9005460F9 /* Color */,
			);
			path = Utils;
			sourceTree = "<group>";
		};
		00CA663426BDD11E005460F9 /* CircularProgressBar */ = {
			isa = PBXGroup;
			children = (
				00CA663526BDD137005460F9 /* CircularProgressBarView.swift */,
			);
			path = CircularProgressBar;
			sourceTree = "<group>";
		};
		00CA674626BE24D9005460F9 /* Color */ = {
			isa = PBXGroup;
			children = (
				00CA674726BE24E4005460F9 /* Colors.swift */,
			);
			path = Color;
			sourceTree = "<group>";
		};
		00CA674926BE27C2005460F9 /* Extension */ = {
			isa = PBXGroup;
			children = (
				00CA674A26BE27CC005460F9 /* UIColor.swift */,
				0003BD4726BED4EA00933199 /* UIView.swift */,
				008DC7C826BF1AFC00B62E5A /* String.swift */,
				008DC7D426C06F7200B62E5A /* UIImageView.swift */,
			);
			path = Extension;
			sourceTree = "<group>";
		};
		00CA675626BE52F5005460F9 /* MovieCell */ = {
			isa = PBXGroup;
			children = (
				00CA662B26BDBB7D005460F9 /* MovieCell.xib */,
				00CA663726BDE27C005460F9 /* MovieCell.swift */,
			);
			path = MovieCell;
			sourceTree = "<group>";
		};
		00CA675A26BE5394005460F9 /* CollectionView */ = {
			isa = PBXGroup;
			children = (
				00CA675B26BE55EA005460F9 /* MovieCollectionItem.swift */,
				00CA675C26BE55EA005460F9 /* MovieCollectionItem.xib */,
			);
			path = CollectionView;
			sourceTree = "<group>";
		};
		00CA675F26BE5699005460F9 /* HorizontalCell */ = {
			isa = PBXGroup;
			children = (
				00CA676026BE56A7005460F9 /* CollectionViewCell.swift */,
			);
			path = HorizontalCell;
			sourceTree = "<group>";
		};
		00CA676426BE7629005460F9 /* Cell */ = {
			isa = PBXGroup;
			children = (
				00CA676526BE7639005460F9 /* TagCell.xib */,
				00CA676726BE7641005460F9 /* TagCell.swift */,
			);
			path = Cell;
			sourceTree = "<group>";
		};
/* End PBXGroup section */

/* Begin PBXNativeTarget section */
		00CA65E026BD8BDD005460F9 /* MovieAPP */ = {
			isa = PBXNativeTarget;
			buildConfigurationList = 00CA660B26BD8BE1005460F9 /* Build configuration list for PBXNativeTarget "MovieAPP" */;
			buildPhases = (
				00CA65DD26BD8BDD005460F9 /* Sources */,
				00CA65DE26BD8BDD005460F9 /* Frameworks */,
				00CA65DF26BD8BDD005460F9 /* Resources */,
			);
			buildRules = (
			);
			dependencies = (
			);
			name = MovieAPP;
			productName = MovieAPP;
			productReference = 00CA65E126BD8BDD005460F9 /* MovieBOX.app */;
			productType = "com.apple.product-type.application";
		};
		00CA65F626BD8BE0005460F9 /* MovieAPPTests */ = {
			isa = PBXNativeTarget;
			buildConfigurationList = 00CA660E26BD8BE1005460F9 /* Build configuration list for PBXNativeTarget "MovieAPPTests" */;
			buildPhases = (
				00CA65F326BD8BE0005460F9 /* Sources */,
				00CA65F426BD8BE0005460F9 /* Frameworks */,
				00CA65F526BD8BE0005460F9 /* Resources */,
			);
			buildRules = (
			);
			dependencies = (
				00CA65F926BD8BE0005460F9 /* PBXTargetDependency */,
			);
			name = MovieAPPTests;
			productName = MovieAPPTests;
			productReference = 00CA65F726BD8BE0005460F9 /* MovieAPPTests.xctest */;
			productType = "com.apple.product-type.bundle.unit-test";
		};
		00CA660126BD8BE0005460F9 /* MovieAPPUITests */ = {
			isa = PBXNativeTarget;
			buildConfigurationList = 00CA661126BD8BE1005460F9 /* Build configuration list for PBXNativeTarget "MovieAPPUITests" */;
			buildPhases = (
				00CA65FE26BD8BE0005460F9 /* Sources */,
				00CA65FF26BD8BE0005460F9 /* Frameworks */,
				00CA660026BD8BE0005460F9 /* Resources */,
			);
			buildRules = (
			);
			dependencies = (
				00CA660426BD8BE0005460F9 /* PBXTargetDependency */,
			);
			name = MovieAPPUITests;
			productName = MovieAPPUITests;
			productReference = 00CA660226BD8BE0005460F9 /* MovieAPPUITests.xctest */;
			productType = "com.apple.product-type.bundle.ui-testing";
		};
/* End PBXNativeTarget section */

/* Begin PBXProject section */
		00CA65D926BD8BDD005460F9 /* Project object */ = {
			isa = PBXProject;
			attributes = {
				LastSwiftUpdateCheck = 1250;
				LastUpgradeCheck = 1250;
				TargetAttributes = {
					00CA65E026BD8BDD005460F9 = {
						CreatedOnToolsVersion = 12.5;
					};
					00CA65F626BD8BE0005460F9 = {
						CreatedOnToolsVersion = 12.5;
						TestTargetID = 00CA65E026BD8BDD005460F9;
					};
					00CA660126BD8BE0005460F9 = {
						CreatedOnToolsVersion = 12.5;
						TestTargetID = 00CA65E026BD8BDD005460F9;
					};
				};
			};
			buildConfigurationList = 00CA65DC26BD8BDD005460F9 /* Build configuration list for PBXProject "MovieAPP" */;
			compatibilityVersion = "Xcode 9.3";
			developmentRegion = en;
			hasScannedForEncodings = 0;
			knownRegions = (
				en,
				Base,
			);
			mainGroup = 00CA65D826BD8BDD005460F9;
			productRefGroup = 00CA65E226BD8BDD005460F9 /* Products */;
			projectDirPath = "";
			projectRoot = "";
			targets = (
				00CA65E026BD8BDD005460F9 /* MovieAPP */,
				00CA65F626BD8BE0005460F9 /* MovieAPPTests */,
				00CA660126BD8BE0005460F9 /* MovieAPPUITests */,
			);
		};
/* End PBXProject section */

/* Begin PBXResourcesBuildPhase section */
		00CA65DF26BD8BDD005460F9 /* Resources */ = {
			isa = PBXResourcesBuildPhase;
			buildActionMask = 2147483647;
			files = (
				00CA65F126BD8BE0005460F9 /* LaunchScreen.storyboard in Resources */,
				00CA676626BE7639005460F9 /* TagCell.xib in Resources */,
				00CA662C26BDBB7D005460F9 /* MovieCell.xib in Resources */,
				00CA65EE26BD8BE0005460F9 /* Assets.xcassets in Resources */,
				00CA675E26BE55EA005460F9 /* MovieCollectionItem.xib in Resources */,
			);
			runOnlyForDeploymentPostprocessing = 0;
		};
		00CA65F526BD8BE0005460F9 /* Resources */ = {
			isa = PBXResourcesBuildPhase;
			buildActionMask = 2147483647;
			files = (
			);
			runOnlyForDeploymentPostprocessing = 0;
		};
		00CA660026BD8BE0005460F9 /* Resources */ = {
			isa = PBXResourcesBuildPhase;
			buildActionMask = 2147483647;
			files = (
			);
			runOnlyForDeploymentPostprocessing = 0;
		};
/* End PBXResourcesBuildPhase section */

/* Begin PBXSourcesBuildPhase section */
		00CA65DD26BD8BDD005460F9 /* Sources */ = {
			isa = PBXSourcesBuildPhase;
			buildActionMask = 2147483647;
			files = (
				00CA676126BE56A7005460F9 /* CollectionViewCell.swift in Sources */,
				00CA663826BDE27C005460F9 /* MovieCell.swift in Sources */,
				00CA674826BE24E4005460F9 /* Colors.swift in Sources */,
				00CA65E926BD8BDD005460F9 /* MainView.swift in Sources */,
				008DC7CE26C01F8E00B62E5A /* Keys.swift in Sources */,
				008DC7C926BF1AFC00B62E5A /* String.swift in Sources */,
				0003BD4426BECDDD00933199 /* MovieDetailPresenter.swift in Sources */,
				0003BD4626BECE1500933199 /* MovieDetailInteractor.swift in Sources */,
				00CA65E526BD8BDD005460F9 /* AppDelegate.swift in Sources */,
				00CA661F26BD8F4C005460F9 /* Endpoint.swift in Sources */,
				00CA663626BDD137005460F9 /* CircularProgressBarView.swift in Sources */,
				00CA675D26BE55EA005460F9 /* MovieCollectionItem.swift in Sources */,
				008DC7D326C06AA000B62E5A /* UIImageLoader.swift in Sources */,
				0003BD3A26BECAC700933199 /* MainRouter.swift in Sources */,
				0003BD3826BECA0800933199 /* MainProtocols.swift in Sources */,
				0003BD2E26BEC1FE00933199 /* EnumsNetworking.swift in Sources */,
				0003BD2D26BEC1FE00933199 /* ResponseDispatcher.swift in Sources */,
				00CA676826BE7641005460F9 /* TagCell.swift in Sources */,
				0003BD4026BECD5300933199 /* MovieDetailProtocols.swift in Sources */,
				0003BD3026BEC1FE00933199 /* ServiceLayer.swift in Sources */,
				008DC7CB26BF297100B62E5A /* NowPlaying.swift in Sources */,
				0003BD3126BEC1FE00933199 /* ConnectionManager.swift in Sources */,
				00CA65E726BD8BDD005460F9 /* SceneDelegate.swift in Sources */,
				0003BD3426BEC25E00933199 /* Reachability.swift in Sources */,
				00CA674B26BE27CC005460F9 /* UIColor.swift in Sources */,
				00CA676326BE63D3005460F9 /* MovieDetailView.swift in Sources */,
				0003BD3C26BECB4400933199 /* MainPresenter.swift in Sources */,
				008DC7D526C06F7200B62E5A /* UIImageView.swift in Sources */,
				0003BD4226BECD9300933199 /* MovieDetailRouter.swift in Sources */,
				008DC7D126C0663B00B62E5A /* ImageLoader.swift in Sources */,
				0003BD4826BED4EA00933199 /* UIView.swift in Sources */,
				0003BD3626BEC5ED00933199 /* Popular.swift in Sources */,
				008DC7C726BF13D200B62E5A /* MovieDetail.swift in Sources */,
				0003BD2F26BEC1FE00933199 /* RequestType.swift in Sources */,
				0003BD3E26BECBA300933199 /* MainInteractor.swift in Sources */,
			);
			runOnlyForDeploymentPostprocessing = 0;
		};
		00CA65F326BD8BE0005460F9 /* Sources */ = {
			isa = PBXSourcesBuildPhase;
			buildActionMask = 2147483647;
			files = (
				008DC7F926C0BCCC00B62E5A /* MovieDetailInteractorMock.swift in Sources */,
				008DC80926C0C4B100B62E5A /* MainPresenterTest.swift in Sources */,
				008DC80726C0C4A200B62E5A /* MainRouterTest.swift in Sources */,
				008DC80B26C0C4C000B62E5A /* MainInteractorMock.swift in Sources */,
				008DC7F726C0BCCC00B62E5A /* MovieDetailRouterMock.swift in Sources */,
				008DC7F526C0BCCC00B62E5A /* MovieDetailPresenterTest.swift in Sources */,
				00CA65FC26BD8BE0005460F9 /* MovieAPPTests.swift in Sources */,
				008DC80226C0C48200B62E5A /* MainViewMock.swift in Sources */,
				008DC7F626C0BCCC00B62E5A /* MovieDetailViewMock.swift in Sources */,
				008DC7F826C0BCCC00B62E5A /* MovieDetailRouterTest.swift in Sources */,
				008DC80526C0C49700B62E5A /* MainRouterMock.swift in Sources */,
			);
			runOnlyForDeploymentPostprocessing = 0;
		};
		00CA65FE26BD8BE0005460F9 /* Sources */ = {
			isa = PBXSourcesBuildPhase;
			buildActionMask = 2147483647;
			files = (
				00CA660726BD8BE1005460F9 /* MovieAPPUITests.swift in Sources */,
			);
			runOnlyForDeploymentPostprocessing = 0;
		};
/* End PBXSourcesBuildPhase section */

/* Begin PBXTargetDependency section */
		00CA65F926BD8BE0005460F9 /* PBXTargetDependency */ = {
			isa = PBXTargetDependency;
			target = 00CA65E026BD8BDD005460F9 /* MovieAPP */;
			targetProxy = 00CA65F826BD8BE0005460F9 /* PBXContainerItemProxy */;
		};
		00CA660426BD8BE0005460F9 /* PBXTargetDependency */ = {
			isa = PBXTargetDependency;
			target = 00CA65E026BD8BDD005460F9 /* MovieAPP */;
			targetProxy = 00CA660326BD8BE0005460F9 /* PBXContainerItemProxy */;
		};
/* End PBXTargetDependency section */

/* Begin PBXVariantGroup section */
		00CA65EF26BD8BE0005460F9 /* LaunchScreen.storyboard */ = {
			isa = PBXVariantGroup;
			children = (
				00CA65F026BD8BE0005460F9 /* Base */,
			);
			name = LaunchScreen.storyboard;
			sourceTree = "<group>";
		};
/* End PBXVariantGroup section */

/* Begin XCBuildConfiguration section */
		00CA660926BD8BE1005460F9 /* Debug */ = {
			isa = XCBuildConfiguration;
			buildSettings = {
				ALWAYS_SEARCH_USER_PATHS = NO;
				CLANG_ANALYZER_NONNULL = YES;
				CLANG_ANALYZER_NUMBER_OBJECT_CONVERSION = YES_AGGRESSIVE;
				CLANG_CXX_LANGUAGE_STANDARD = "gnu++14";
				CLANG_CXX_LIBRARY = "libc++";
				CLANG_ENABLE_MODULES = YES;
				CLANG_ENABLE_OBJC_ARC = YES;
				CLANG_ENABLE_OBJC_WEAK = YES;
				CLANG_WARN_BLOCK_CAPTURE_AUTORELEASING = YES;
				CLANG_WARN_BOOL_CONVERSION = YES;
				CLANG_WARN_COMMA = YES;
				CLANG_WARN_CONSTANT_CONVERSION = YES;
				CLANG_WARN_DEPRECATED_OBJC_IMPLEMENTATIONS = YES;
				CLANG_WARN_DIRECT_OBJC_ISA_USAGE = YES_ERROR;
				CLANG_WARN_DOCUMENTATION_COMMENTS = YES;
				CLANG_WARN_EMPTY_BODY = YES;
				CLANG_WARN_ENUM_CONVERSION = YES;
				CLANG_WARN_INFINITE_RECURSION = YES;
				CLANG_WARN_INT_CONVERSION = YES;
				CLANG_WARN_NON_LITERAL_NULL_CONVERSION = YES;
				CLANG_WARN_OBJC_IMPLICIT_RETAIN_SELF = YES;
				CLANG_WARN_OBJC_LITERAL_CONVERSION = YES;
				CLANG_WARN_OBJC_ROOT_CLASS = YES_ERROR;
				CLANG_WARN_QUOTED_INCLUDE_IN_FRAMEWORK_HEADER = YES;
				CLANG_WARN_RANGE_LOOP_ANALYSIS = YES;
				CLANG_WARN_STRICT_PROTOTYPES = YES;
				CLANG_WARN_SUSPICIOUS_MOVE = YES;
				CLANG_WARN_UNGUARDED_AVAILABILITY = YES_AGGRESSIVE;
				CLANG_WARN_UNREACHABLE_CODE = YES;
				CLANG_WARN__DUPLICATE_METHOD_MATCH = YES;
				COPY_PHASE_STRIP = NO;
				DEBUG_INFORMATION_FORMAT = dwarf;
				ENABLE_STRICT_OBJC_MSGSEND = YES;
				ENABLE_TESTABILITY = YES;
				GCC_C_LANGUAGE_STANDARD = gnu11;
				GCC_DYNAMIC_NO_PIC = NO;
				GCC_NO_COMMON_BLOCKS = YES;
				GCC_OPTIMIZATION_LEVEL = 0;
				GCC_PREPROCESSOR_DEFINITIONS = (
					"DEBUG=1",
					"$(inherited)",
				);
				GCC_WARN_64_TO_32_BIT_CONVERSION = YES;
				GCC_WARN_ABOUT_RETURN_TYPE = YES_ERROR;
				GCC_WARN_UNDECLARED_SELECTOR = YES;
				GCC_WARN_UNINITIALIZED_AUTOS = YES_AGGRESSIVE;
				GCC_WARN_UNUSED_FUNCTION = YES;
				GCC_WARN_UNUSED_VARIABLE = YES;
				IPHONEOS_DEPLOYMENT_TARGET = 14.5;
				MTL_ENABLE_DEBUG_INFO = INCLUDE_SOURCE;
				MTL_FAST_MATH = YES;
				ONLY_ACTIVE_ARCH = YES;
				SDKROOT = iphoneos;
				SWIFT_ACTIVE_COMPILATION_CONDITIONS = DEBUG;
				SWIFT_OPTIMIZATION_LEVEL = "-Onone";
			};
			name = Debug;
		};
		00CA660A26BD8BE1005460F9 /* Release */ = {
			isa = XCBuildConfiguration;
			buildSettings = {
				ALWAYS_SEARCH_USER_PATHS = NO;
				CLANG_ANALYZER_NONNULL = YES;
				CLANG_ANALYZER_NUMBER_OBJECT_CONVERSION = YES_AGGRESSIVE;
				CLANG_CXX_LANGUAGE_STANDARD = "gnu++14";
				CLANG_CXX_LIBRARY = "libc++";
				CLANG_ENABLE_MODULES = YES;
				CLANG_ENABLE_OBJC_ARC = YES;
				CLANG_ENABLE_OBJC_WEAK = YES;
				CLANG_WARN_BLOCK_CAPTURE_AUTORELEASING = YES;
				CLANG_WARN_BOOL_CONVERSION = YES;
				CLANG_WARN_COMMA = YES;
				CLANG_WARN_CONSTANT_CONVERSION = YES;
				CLANG_WARN_DEPRECATED_OBJC_IMPLEMENTATIONS = YES;
				CLANG_WARN_DIRECT_OBJC_ISA_USAGE = YES_ERROR;
				CLANG_WARN_DOCUMENTATION_COMMENTS = YES;
				CLANG_WARN_EMPTY_BODY = YES;
				CLANG_WARN_ENUM_CONVERSION = YES;
				CLANG_WARN_INFINITE_RECURSION = YES;
				CLANG_WARN_INT_CONVERSION = YES;
				CLANG_WARN_NON_LITERAL_NULL_CONVERSION = YES;
				CLANG_WARN_OBJC_IMPLICIT_RETAIN_SELF = YES;
				CLANG_WARN_OBJC_LITERAL_CONVERSION = YES;
				CLANG_WARN_OBJC_ROOT_CLASS = YES_ERROR;
				CLANG_WARN_QUOTED_INCLUDE_IN_FRAMEWORK_HEADER = YES;
				CLANG_WARN_RANGE_LOOP_ANALYSIS = YES;
				CLANG_WARN_STRICT_PROTOTYPES = YES;
				CLANG_WARN_SUSPICIOUS_MOVE = YES;
				CLANG_WARN_UNGUARDED_AVAILABILITY = YES_AGGRESSIVE;
				CLANG_WARN_UNREACHABLE_CODE = YES;
				CLANG_WARN__DUPLICATE_METHOD_MATCH = YES;
				COPY_PHASE_STRIP = NO;
				DEBUG_INFORMATION_FORMAT = "dwarf-with-dsym";
				ENABLE_NS_ASSERTIONS = NO;
				ENABLE_STRICT_OBJC_MSGSEND = YES;
				GCC_C_LANGUAGE_STANDARD = gnu11;
				GCC_NO_COMMON_BLOCKS = YES;
				GCC_WARN_64_TO_32_BIT_CONVERSION = YES;
				GCC_WARN_ABOUT_RETURN_TYPE = YES_ERROR;
				GCC_WARN_UNDECLARED_SELECTOR = YES;
				GCC_WARN_UNINITIALIZED_AUTOS = YES_AGGRESSIVE;
				GCC_WARN_UNUSED_FUNCTION = YES;
				GCC_WARN_UNUSED_VARIABLE = YES;
				IPHONEOS_DEPLOYMENT_TARGET = 14.5;
				MTL_ENABLE_DEBUG_INFO = NO;
				MTL_FAST_MATH = YES;
				SDKROOT = iphoneos;
				SWIFT_COMPILATION_MODE = wholemodule;
				SWIFT_OPTIMIZATION_LEVEL = "-O";
				VALIDATE_PRODUCT = YES;
			};
			name = Release;
		};
		00CA660C26BD8BE1005460F9 /* Debug */ = {
			isa = XCBuildConfiguration;
			buildSettings = {
				ASSETCATALOG_COMPILER_APPICON_NAME = AppIcon;
				ASSETCATALOG_COMPILER_GLOBAL_ACCENT_COLOR_NAME = AccentColor;
				CODE_SIGN_STYLE = Automatic;
				DEVELOPMENT_TEAM = CJA9W4FA73;
				INFOPLIST_FILE = MovieAPP/Info.plist;
				LD_RUNPATH_SEARCH_PATHS = (
					"$(inherited)",
					"@executable_path/Frameworks",
				);
				PRODUCT_BUNDLE_IDENTIFIER = com.example.MovieAPP;
				PRODUCT_NAME = MovieBOX;
				SWIFT_VERSION = 5.0;
				TARGETED_DEVICE_FAMILY = "1,2";
			};
			name = Debug;
		};
		00CA660D26BD8BE1005460F9 /* Release */ = {
			isa = XCBuildConfiguration;
			buildSettings = {
				ASSETCATALOG_COMPILER_APPICON_NAME = AppIcon;
				ASSETCATALOG_COMPILER_GLOBAL_ACCENT_COLOR_NAME = AccentColor;
				CODE_SIGN_STYLE = Automatic;
				DEVELOPMENT_TEAM = CJA9W4FA73;
				INFOPLIST_FILE = MovieAPP/Info.plist;
				LD_RUNPATH_SEARCH_PATHS = (
					"$(inherited)",
					"@executable_path/Frameworks",
				);
				PRODUCT_BUNDLE_IDENTIFIER = com.example.MovieAPP;
				PRODUCT_NAME = MovieBOX;
				SWIFT_VERSION = 5.0;
				TARGETED_DEVICE_FAMILY = "1,2";
			};
			name = Release;
		};
		00CA660F26BD8BE1005460F9 /* Debug */ = {
			isa = XCBuildConfiguration;
			buildSettings = {
				ALWAYS_EMBED_SWIFT_STANDARD_LIBRARIES = YES;
				BUNDLE_LOADER = "$(TEST_HOST)";
				"CODE_SIGN_IDENTITY[sdk=macosx*]" = "Apple Development";
				CODE_SIGN_STYLE = Automatic;
				DEVELOPMENT_TEAM = CJA9W4FA73;
				INFOPLIST_FILE = MovieAPPTests/Info.plist;
				IPHONEOS_DEPLOYMENT_TARGET = 14.5;
				LD_RUNPATH_SEARCH_PATHS = (
					"$(inherited)",
					"@executable_path/Frameworks",
					"@loader_path/Frameworks",
				);
				PRODUCT_BUNDLE_IDENTIFIER = com.example.MovieAPPTests;
				PRODUCT_NAME = "$(TARGET_NAME)";
				SWIFT_VERSION = 5.0;
				TARGETED_DEVICE_FAMILY = "1,2";
				TEST_HOST = "$(BUILT_PRODUCTS_DIR)/MovieBOX.app/MovieBOX";
			};
			name = Debug;
		};
		00CA661026BD8BE1005460F9 /* Release */ = {
			isa = XCBuildConfiguration;
			buildSettings = {
				ALWAYS_EMBED_SWIFT_STANDARD_LIBRARIES = YES;
				BUNDLE_LOADER = "$(TEST_HOST)";
				"CODE_SIGN_IDENTITY[sdk=macosx*]" = "Apple Development";
				CODE_SIGN_STYLE = Automatic;
				DEVELOPMENT_TEAM = CJA9W4FA73;
				INFOPLIST_FILE = MovieAPPTests/Info.plist;
				IPHONEOS_DEPLOYMENT_TARGET = 14.5;
				LD_RUNPATH_SEARCH_PATHS = (
					"$(inherited)",
					"@executable_path/Frameworks",
					"@loader_path/Frameworks",
				);
				PRODUCT_BUNDLE_IDENTIFIER = com.example.MovieAPPTests;
				PRODUCT_NAME = "$(TARGET_NAME)";
				SWIFT_VERSION = 5.0;
				TARGETED_DEVICE_FAMILY = "1,2";
				TEST_HOST = "$(BUILT_PRODUCTS_DIR)/MovieBOX.app/MovieBOX";
			};
			name = Release;
		};
		00CA661226BD8BE1005460F9 /* Debug */ = {
			isa = XCBuildConfiguration;
			buildSettings = {
				ALWAYS_EMBED_SWIFT_STANDARD_LIBRARIES = YES;
				CODE_SIGN_STYLE = Automatic;
				DEVELOPMENT_TEAM = 8ZL5DHWTQR;
				INFOPLIST_FILE = MovieAPPUITests/Info.plist;
				LD_RUNPATH_SEARCH_PATHS = (
					"$(inherited)",
					"@executable_path/Frameworks",
					"@loader_path/Frameworks",
				);
				PRODUCT_BUNDLE_IDENTIFIER = com.example.MovieAPPUITests;
				PRODUCT_NAME = "$(TARGET_NAME)";
				SWIFT_VERSION = 5.0;
				TARGETED_DEVICE_FAMILY = "1,2";
				TEST_TARGET_NAME = MovieAPP;
			};
			name = Debug;
		};
		00CA661326BD8BE1005460F9 /* Release */ = {
			isa = XCBuildConfiguration;
			buildSettings = {
				ALWAYS_EMBED_SWIFT_STANDARD_LIBRARIES = YES;
				CODE_SIGN_STYLE = Automatic;
				DEVELOPMENT_TEAM = 8ZL5DHWTQR;
				INFOPLIST_FILE = MovieAPPUITests/Info.plist;
				LD_RUNPATH_SEARCH_PATHS = (
					"$(inherited)",
					"@executable_path/Frameworks",
					"@loader_path/Frameworks",
				);
				PRODUCT_BUNDLE_IDENTIFIER = com.example.MovieAPPUITests;
				PRODUCT_NAME = "$(TARGET_NAME)";
				SWIFT_VERSION = 5.0;
				TARGETED_DEVICE_FAMILY = "1,2";
				TEST_TARGET_NAME = MovieAPP;
			};
			name = Release;
		};
/* End XCBuildConfiguration section */

/* Begin XCConfigurationList section */
		00CA65DC26BD8BDD005460F9 /* Build configuration list for PBXProject "MovieAPP" */ = {
			isa = XCConfigurationList;
			buildConfigurations = (
				00CA660926BD8BE1005460F9 /* Debug */,
				00CA660A26BD8BE1005460F9 /* Release */,
			);
			defaultConfigurationIsVisible = 0;
			defaultConfigurationName = Release;
		};
		00CA660B26BD8BE1005460F9 /* Build configuration list for PBXNativeTarget "MovieAPP" */ = {
			isa = XCConfigurationList;
			buildConfigurations = (
				00CA660C26BD8BE1005460F9 /* Debug */,
				00CA660D26BD8BE1005460F9 /* Release */,
			);
			defaultConfigurationIsVisible = 0;
			defaultConfigurationName = Release;
		};
		00CA660E26BD8BE1005460F9 /* Build configuration list for PBXNativeTarget "MovieAPPTests" */ = {
			isa = XCConfigurationList;
			buildConfigurations = (
				00CA660F26BD8BE1005460F9 /* Debug */,
				00CA661026BD8BE1005460F9 /* Release */,
			);
			defaultConfigurationIsVisible = 0;
			defaultConfigurationName = Release;
		};
		00CA661126BD8BE1005460F9 /* Build configuration list for PBXNativeTarget "MovieAPPUITests" */ = {
			isa = XCConfigurationList;
			buildConfigurations = (
				00CA661226BD8BE1005460F9 /* Debug */,
				00CA661326BD8BE1005460F9 /* Release */,
			);
			defaultConfigurationIsVisible = 0;
			defaultConfigurationName = Release;
		};
/* End XCConfigurationList section */
	};
	rootObject = 00CA65D926BD8BDD005460F9 /* Project object */;
}
